
Microsoft Visual Studio Solution File, Format Version 12.00
# Visual Studio Version 17
VisualStudioVersion = 17.8.34408.163
MinimumVisualStudioVersion = 10.0.40219.1
Project("{FAE04EC0-301F-11D3-BF4B-00C04F79EFBC}") = "JwtAuthAspNet7WebAPI", "JwtAuthAspNet7WebAPI.csproj", "{5FD2071D-3358-47C2-9734-824A36917ADC}"
EndProject
Global
	GlobalSection(SolutionConfigurationPlatforms) = preSolution
		Debug|Any CPU = Debug|Any CPU
		Release|Any CPU = Release|Any CPU
	EndGlobalSection
	GlobalSection(ProjectConfigurationPlatforms) = postSolution
		{5FD2071D-3358-47C2-9734-824A36917ADC}.Debug|Any CPU.ActiveCfg = Debug|Any CPU
		{5FD2071D-3358-47C2-9734-824A36917ADC}.Debug|Any CPU.Build.0 = Debug|Any CPU
		{5FD2071D-3358-47C2-9734-824A36917ADC}.Release|Any CPU.ActiveCfg = Release|Any CPU
		{5FD2071D-3358-47C2-9734-824A36917ADC}.Release|Any CPU.Build.0 = Release|Any CPU
	EndGlobalSection
	GlobalSection(SolutionProperties) = preSolution
		HideSolutionNode = FALSE
	EndGlobalSection
	GlobalSection(ExtensibilityGlobals) = postSolution
		SolutionGuid = {129DB34A-9357-4D5B-91B1-486762AC8591}
	EndGlobalSection
EndGlobal
